<?xml version="1.0" encoding="utf-8"?>
<Project ToolsVersion="4.0" xmlns="http://schemas.microsoft.com/developer/msbuild/2003">
  <ItemGroup>
    <Filter Include="Main">
      <UniqueIdentifier>{f2f0de4a-9fb0-42a7-90d4-22be906a2ca1}</UniqueIdentifier>
    </Filter>
    <Filter Include="FrameWork">
      <UniqueIdentifier>{46d5939e-e40f-48a3-9eb2-a16963ee833c}</UniqueIdentifier>
    </Filter>
    <Filter Include="Assets">
      <UniqueIdentifier>{74743c0e-f87f-4936-a19d-b0f4e6a12abb}</UniqueIdentifier>
    </Filter>
    <Filter Include="Assets\Shaders">
      <UniqueIdentifier>{b5d4b7cc-3960-49d9-ac29-8a50b5b4c9a3}</UniqueIdentifier>
    </Filter>
    <Filter Include="InitializeGuide">
      <UniqueIdentifier>{b9a6020d-64af-45a0-8248-42b5847d905b}</UniqueIdentifier>
    </Filter>
    <Filter Include="DrawCube">
      <UniqueIdentifier>{b7a871a0-7063-4bec-910b-4f896e3d50fb}</UniqueIdentifier>
    </Filter>
    <Filter Include="FrameWork\Utils">
      <UniqueIdentifier>{bdda09af-5c97-4aa6-a057-bb5054b195e1}</UniqueIdentifier>
    </Filter>
  </ItemGroup>
  <ItemGroup>
    <ClCompile Include="Main.cpp">
      <Filter>Main</Filter>
    </ClCompile>
    <ClCompile Include="FrameWork\FrameWorkBase.cpp">
      <Filter>FrameWork</Filter>
    </ClCompile>
    <ClCompile Include="InitializeGuide\InitializeGuide.cpp">
      <Filter>InitializeGuide</Filter>
    </ClCompile>
    <ClCompile Include="DrawCube\DrawCube.cpp">
      <Filter>DrawCube</Filter>
    </ClCompile>
    <ClCompile Include="FrameWork\D3DUtil.cpp">
      <Filter>FrameWork\Utils</Filter>
    </ClCompile>
    <ClCompile Include="FrameWork\MathHelper.cpp">
      <Filter>FrameWork\Utils</Filter>
    </ClCompile>
  </ItemGroup>
  <ItemGroup>
    <ClInclude Include="FrameWork\FrameWorkBase.h">
      <Filter>FrameWork</Filter>
    </ClInclude>
    <ClInclude Include="DrawCube\DrawCube.h">
      <Filter>DrawCube</Filter>
    </ClInclude>
    <ClInclude Include="InitializeGuide\InitializeGuide.h">
      <Filter>InitializeGuide</Filter>
    </ClInclude>
    <ClInclude Include="FrameWork\Prerequisites.h">
      <Filter>FrameWork\Utils</Filter>
    </ClInclude>
    <ClInclude Include="FrameWork\OutPutLogModule.h">
      <Filter>FrameWork\Utils</Filter>
    </ClInclude>
    <ClInclude Include="FrameWork\MeshType.h">
      <Filter>FrameWork\Utils</Filter>
    </ClInclude>
    <ClInclude Include="FrameWork\D3DUtil.h">
      <Filter>FrameWork\Utils</Filter>
    </ClInclude>
    <ClInclude Include="FrameWork\UploadBuffer.h">
      <Filter>FrameWork\Utils</Filter>
    </ClInclude>
    <ClInclude Include="FrameWork\MathHelper.h">
      <Filter>FrameWork\Utils</Filter>
    </ClInclude>
  </ItemGroup>
  <ItemGroup>
    <CustomBuild Include="Assets\Shaders\shaders.hlsl">
      <Filter>Assets\Shaders</Filter>
    </CustomBuild>
    <CustomBuild Include="Assets\Shaders\cube.hlsl">
      <Filter>Assets\Shaders</Filter>
    </CustomBuild>
  </ItemGroup>
</Project>